
Microsoft Visual Studio Solution File, Format Version 12.00
# Visual Studio Version 17
VisualStudioVersion = 17.8.34525.116
MinimumVisualStudioVersion = 10.0.40219.1
Project("{FAE04EC0-301F-11D3-BF4B-00C04F79EFBC}") = "BlockchainServer.API", "BlockchainServer.API\BlockchainServer.API.csproj", "{B5AAB9B2-2CF3-4A4D-B443-B98B5867364A}"
EndProject
Project("{FAE04EC0-301F-11D3-BF4B-00C04F79EFBC}") = "BlockchainWebApp", "BlockchainWebApp\BlockchainWebApp.csproj", "{44021304-EA95-4CAD-A3D8-4CA60542A854}"
EndProject
Project("{FAE04EC0-301F-11D3-BF4B-00C04F79EFBC}") = "BlockchainServer.Application", "BlockchainServer.Application\BlockchainServer.Application.csproj", "{3C61B90D-72EE-421B-A17E-ACBA32221FBC}"
EndProject
Project("{FAE04EC0-301F-11D3-BF4B-00C04F79EFBC}") = "BlockchainServer.Domain", "BlockchainServer.Domain\BlockchainServer.Domain.csproj", "{E91B874C-F274-44AA-95AC-468641635FB6}"
EndProject
Project("{FAE04EC0-301F-11D3-BF4B-00C04F79EFBC}") = "BlockchainServer.Infrastructure", "BlockchainServer.Infrastructure\BlockchainServer.Infrastructure.csproj", "{3CE5B3D8-0E01-43A5-9241-BBE83AECFA33}"
EndProject
Global
	GlobalSection(SolutionConfigurationPlatforms) = preSolution
		Debug|Any CPU = Debug|Any CPU
		Release|Any CPU = Release|Any CPU
	EndGlobalSection
	GlobalSection(ProjectConfigurationPlatforms) = postSolution
		{B5AAB9B2-2CF3-4A4D-B443-B98B5867364A}.Debug|Any CPU.ActiveCfg = Debug|Any CPU
		{B5AAB9B2-2CF3-4A4D-B443-B98B5867364A}.Debug|Any CPU.Build.0 = Debug|Any CPU
		{B5AAB9B2-2CF3-4A4D-B443-B98B5867364A}.Release|Any CPU.ActiveCfg = Release|Any CPU
		{B5AAB9B2-2CF3-4A4D-B443-B98B5867364A}.Release|Any CPU.Build.0 = Release|Any CPU
		{44021304-EA95-4CAD-A3D8-4CA60542A854}.Debug|Any CPU.ActiveCfg = Debug|Any CPU
		{44021304-EA95-4CAD-A3D8-4CA60542A854}.Debug|Any CPU.Build.0 = Debug|Any CPU
		{44021304-EA95-4CAD-A3D8-4CA60542A854}.Release|Any CPU.ActiveCfg = Release|Any CPU
		{44021304-EA95-4CAD-A3D8-4CA60542A854}.Release|Any CPU.Build.0 = Release|Any CPU
		{3C61B90D-72EE-421B-A17E-ACBA32221FBC}.Debug|Any CPU.ActiveCfg = Debug|Any CPU
		{3C61B90D-72EE-421B-A17E-ACBA32221FBC}.Debug|Any CPU.Build.0 = Debug|Any CPU
		{3C61B90D-72EE-421B-A17E-ACBA32221FBC}.Release|Any CPU.ActiveCfg = Release|Any CPU
		{3C61B90D-72EE-421B-A17E-ACBA32221FBC}.Release|Any CPU.Build.0 = Release|Any CPU
		{E91B874C-F274-44AA-95AC-468641635FB6}.Debug|Any CPU.ActiveCfg = Debug|Any CPU
		{E91B874C-F274-44AA-95AC-468641635FB6}.Debug|Any CPU.Build.0 = Debug|Any CPU
		{E91B874C-F274-44AA-95AC-468641635FB6}.Release|Any CPU.ActiveCfg = Release|Any CPU
		{E91B874C-F274-44AA-95AC-468641635FB6}.Release|Any CPU.Build.0 = Release|Any CPU
		{3CE5B3D8-0E01-43A5-9241-BBE83AECFA33}.Debug|Any CPU.ActiveCfg = Debug|Any CPU
		{3CE5B3D8-0E01-43A5-9241-BBE83AECFA33}.Debug|Any CPU.Build.0 = Debug|Any CPU
		{3CE5B3D8-0E01-43A5-9241-BBE83AECFA33}.Release|Any CPU.ActiveCfg = Release|Any CPU
		{3CE5B3D8-0E01-43A5-9241-BBE83AECFA33}.Release|Any CPU.Build.0 = Release|Any CPU
	EndGlobalSection
	GlobalSection(SolutionProperties) = preSolution
		HideSolutionNode = FALSE
	EndGlobalSection
	GlobalSection(ExtensibilityGlobals) = postSolution
		SolutionGuid = {A739356E-12E1-46F0-9FAE-76C9FB490FCA}
	EndGlobalSection
EndGlobal
